
Microsoft Visual Studio Solution File, Format Version 12.00
# Visual Studio Version 16
VisualStudioVersion = 16.0.30611.23
MinimumVisualStudioVersion = 10.0.40219.1
Project("{FAE04EC0-301F-11D3-BF4B-00C04F79EFBC}") = "Constantin_Andreea_Lab8", "Constantin_Andreea_Lab8.csproj", "{002A3282-4634-4670-B3DE-00FFF0246E9F}"
EndProject
Global
	GlobalSection(SolutionConfigurationPlatforms) = preSolution
		Debug|Any CPU = Debug|Any CPU
		Release|Any CPU = Release|Any CPU
	EndGlobalSection
	GlobalSection(ProjectConfigurationPlatforms) = postSolution
		{002A3282-4634-4670-B3DE-00FFF0246E9F}.Debug|Any CPU.ActiveCfg = Debug|Any CPU
		{002A3282-4634-4670-B3DE-00FFF0246E9F}.Debug|Any CPU.Build.0 = Debug|Any CPU
		{002A3282-4634-4670-B3DE-00FFF0246E9F}.Release|Any CPU.ActiveCfg = Release|Any CPU
		{002A3282-4634-4670-B3DE-00FFF0246E9F}.Release|Any CPU.Build.0 = Release|Any CPU
	EndGlobalSection
	GlobalSection(SolutionProperties) = preSolution
		HideSolutionNode = FALSE
	EndGlobalSection
	GlobalSection(ExtensibilityGlobals) = postSolution
		SolutionGuid = {AF2FD613-A563-43CC-867B-5E891C680D7B}
	EndGlobalSection
EndGlobal
